Microsoft Visual Studio Solution File, Format Version 12.00
# Visual Studio Version 17
VisualStudioVersion = 17.5.2.0
MinimumVisualStudioVersion = 10.0.40219.1
Project("{FAE04EC0-301F-11D3-BF4B-00C04F79EFBC}") = "Mastilearn.Web", "Mastilearn.Web\Mastilearn.Web.csproj", "{8DB515A5-5F72-10BF-AEDB-F1282752F970}"
EndProject
Global
	GlobalSection(SolutionConfigurationPlatforms) = preSolution
		Debug|Any CPU = Debug|Any CPU
		Release|Any CPU = Release|Any CPU
	EndGlobalSection
	GlobalSection(ProjectConfigurationPlatforms) = postSolution
		{8DB515A5-5F72-10BF-AEDB-F1282752F970}.Debug|Any CPU.ActiveCfg = Debug|Any CPU
		{8DB515A5-5F72-10BF-AEDB-F1282752F970}.Debug|Any CPU.Build.0 = Debug|Any CPU
		{8DB515A5-5F72-10BF-AEDB-F1282752F970}.Release|Any CPU.ActiveCfg = Release|Any CPU
		{8DB515A5-5F72-10BF-AEDB-F1282752F970}.Release|Any CPU.Build.0 = Release|Any CPU
	EndGlobalSection
	GlobalSection(SolutionProperties) = preSolution
		HideSolutionNode = FALSE
	EndGlobalSection
	GlobalSection(ExtensibilityGlobals) = postSolution
		SolutionGuid = {E3D0BF43-0E02-4DDE-B8C9-A2AA8C5132A9}
	EndGlobalSection
EndGlobal
